
Microsoft Visual Studio Solution File, Format Version 12.00
# Visual Studio 15
VisualStudioVersion = 15.0.28307.539
MinimumVisualStudioVersion = 10.0.40219.1
Project("{FAE04EC0-301F-11D3-BF4B-00C04F79EFBC}") = "更具Type生成默认数据", "更具Type生成默认数据\更具Type生成默认数据.csproj", "{E0F9CAC5-B996-4235-BD61-3976080C9CE3}"
EndProject
Global
	GlobalSection(SolutionConfigurationPlatforms) = preSolution
		Debug|Any CPU = Debug|Any CPU
		Release|Any CPU = Release|Any CPU
	EndGlobalSection
	GlobalSection(ProjectConfigurationPlatforms) = postSolution
		{E0F9CAC5-B996-4235-BD61-3976080C9CE3}.Debug|Any CPU.ActiveCfg = Debug|Any CPU
		{E0F9CAC5-B996-4235-BD61-3976080C9CE3}.Debug|Any CPU.Build.0 = Debug|Any CPU
		{E0F9CAC5-B996-4235-BD61-3976080C9CE3}.Release|Any CPU.ActiveCfg = Release|Any CPU
		{E0F9CAC5-B996-4235-BD61-3976080C9CE3}.Release|Any CPU.Build.0 = Release|Any CPU
	EndGlobalSection
	GlobalSection(SolutionProperties) = preSolution
		HideSolutionNode = FALSE
	EndGlobalSection
	GlobalSection(ExtensibilityGlobals) = postSolution
		SolutionGuid = {95DF25B4-ED2B-4537-9C19-1883EF8E5E7B}
	EndGlobalSection
EndGlobal
